// !$*UTF8*$!
{
	archiveVersion = 1;
	classes = {
	};
	objectVersion = 50;
	objects = {

/* Begin PBXBuildFile section */
		8AA612E2242A6D770056D83E /* AppDelegate.swift in Sources */ = {isa = PBXBuildFile; fileRef = 8AA612E1242A6D770056D83E /* AppDelegate.swift */; };
		8AA612E4242A6D770056D83E /* SceneDelegate.swift in Sources */ = {isa = PBXBuildFile; fileRef = 8AA612E3242A6D770056D83E /* SceneDelegate.swift */; };
		8AA612E6242A6D770056D83E /* ViewController.swift in Sources */ = {isa = PBXBuildFile; fileRef = 8AA612E5242A6D770056D83E /* ViewController.swift */; };
		8AA612E9242A6D770056D83E /* Main.storyboard in Resources */ = {isa = PBXBuildFile; fileRef = 8AA612E7242A6D770056D83E /* Main.storyboard */; };
		8AA612EB242A6D7B0056D83E /* Assets.xcassets in Resources */ = {isa = PBXBuildFile; fileRef = 8AA612EA242A6D7B0056D83E /* Assets.xcassets */; };
		8AA612EE242A6D7B0056D83E /* LaunchScreen.storyboard in Resources */ = {isa = PBXBuildFile; fileRef = 8AA612EC242A6D7B0056D83E /* LaunchScreen.storyboard */; };
		8AA612F9242A6D7C0056D83E /* MPConnectivityTutoTests.swift in Sources */ = {isa = PBXBuildFile; fileRef = 8AA612F8242A6D7C0056D83E /* MPConnectivityTutoTests.swift */; };
		8AA61304242A6D7C0056D83E /* MPConnectivityTutoUITests.swift in Sources */ = {isa = PBXBuildFile; fileRef = 8AA61303242A6D7C0056D83E /* MPConnectivityTutoUITests.swift */; };
/* End PBXBuildFile section */

/* Begin PBXContainerItemProxy section */
		8AA612F5242A6D7C0056D83E /* PBXContainerItemProxy */ = {
			isa = PBXContainerItemProxy;
			containerPortal = 8AA612D6242A6D770056D83E /* Project object */;
			proxyType = 1;
			remoteGlobalIDString = 8AA612DD242A6D770056D83E;
			remoteInfo = MPConnectivityTuto;
		};
		8AA61300242A6D7C0056D83E /* PBXContainerItemProxy */ = {
			isa = PBXContainerItemProxy;
			containerPortal = 8AA612D6242A6D770056D83E /* Project object */;
			proxyType = 1;
			remoteGlobalIDString = 8AA612DD242A6D770056D83E;
			remoteInfo = MPConnectivityTuto;
		};
/* End PBXContainerItemProxy section */

/* Begin PBXFileReference section */
		8A83F935242B9DEC009E0B62 /* MPConnectivityTuto.entitlements */ = {isa = PBXFileReference; lastKnownFileType = text.plist.entitlements; path = MPConnectivityTuto.entitlements; sourceTree = "<group>"; };
		8AA612DE242A6D770056D83E /* MPConnectivityTuto.app */ = {isa = PBXFileReference; explicitFileType = wrapper.application; includeInIndex = 0; path = MPConnectivityTuto.app; sourceTree = BUILT_PRODUCTS_DIR; };
		8AA612E1242A6D770056D83E /* AppDelegate.swift */ = {isa = PBXFileReference; lastKnownFileType = sourcecode.swift; path = AppDelegate.swift; sourceTree = "<group>"; };
		8AA612E3242A6D770056D83E /* SceneDelegate.swift */ = {isa = PBXFileReference; lastKnownFileType = sourcecode.swift; path = SceneDelegate.swift; sourceTree = "<group>"; };
		8AA612E5242A6D770056D83E /* ViewController.swift */ = {isa = PBXFileReference; lastKnownFileType = sourcecode.swift; path = ViewController.swift; sourceTree = "<group>"; };
		8AA612E8242A6D770056D83E /* Base */ = {isa = PBXFileReference; lastKnownFileType = file.storyboard; name = Base; path = Base.lproj/Main.storyboard; sourceTree = "<group>"; };
		8AA612EA242A6D7B0056D83E /* Assets.xcassets */ = {isa = PBXFileReference; lastKnownFileType = folder.assetcatalog; path = Assets.xcassets; sourceTree = "<group>"; };
		8AA612ED242A6D7B0056D83E /* Base */ = {isa = PBXFileReference; lastKnownFileType = file.storyboard; name = Base; path = Base.lproj/LaunchScreen.storyboard; sourceTree = "<group>"; };
		8AA612EF242A6D7B0056D83E /* Info.plist */ = {isa = PBXFileReference; lastKnownFileType = text.plist.xml; path = Info.plist; sourceTree = "<group>"; };
		8AA612F4242A6D7C0056D83E /* MPConnectivityTutoTests.xctest */ = {isa = PBXFileReference; explicitFileType = wrapper.cfbundle; includeInIndex = 0; path = MPConnectivityTutoTests.xctest; sourceTree = BUILT_PRODUCTS_DIR; };
		8AA612F8242A6D7C0056D83E /* MPConnectivityTutoTests.swift */ = {isa = PBXFileReference; lastKnownFileType = sourcecode.swift; path = MPConnectivityTutoTests.swift; sourceTree = "<group>"; };
		8AA612FA242A6D7C0056D83E /* Info.plist */ = {isa = PBXFileReference; lastKnownFileType = text.plist.xml; path = Info.plist; sourceTree = "<group>"; };
		8AA612FF242A6D7C0056D83E /* MPConnectivityTutoUITests.xctest */ = {isa = PBXFileReference; explicitFileType = wrapper.cfbundle; includeInIndex = 0; path = MPConnectivityTutoUITests.xctest; sourceTree = BUILT_PRODUCTS_DIR; };
		8AA61303242A6D7C0056D83E /* MPConnectivityTutoUITests.swift */ = {isa = PBXFileReference; lastKnownFileType = sourcecode.swift; path = MPConnectivityTutoUITests.swift; sourceTree = "<group>"; };
		8AA61305242A6D7C0056D83E /* Info.plist */ = {isa = PBXFileReference; lastKnownFileType = text.plist.xml; path = Info.plist; sourceTree = "<group>"; };
/* End PBXFileReference section */

/* Begin PBXFrameworksBuildPhase section */
		8AA612DB242A6D770056D83E /* Frameworks */ = {
			isa = PBXFrameworksBuildPhase;
			buildActionMask = 2147483647;
			files = (
			);
			runOnlyForDeploymentPostprocessing = 0;
		};
		8AA612F1242A6D7C0056D83E /* Frameworks */ = {
			isa = PBXFrameworksBuildPhase;
			buildActionMask = 2147483647;
			files = (
			);
			runOnlyForDeploymentPostprocessing = 0;
		};
		8AA612FC242A6D7C0056D83E /* Frameworks */ = {
			isa = PBXFrameworksBuildPhase;
			buildActionMask = 2147483647;
			files = (
			);
			runOnlyForDeploymentPostprocessing = 0;
		};
/* End PBXFrameworksBuildPhase section */

/* Begin PBXGroup section */
		8AA612D5242A6D770056D83E = {
			isa = PBXGroup;
			children = (
				8AA612E0242A6D770056D83E /* MPConnectivityTuto */,
				8AA612F7242A6D7C0056D83E /* MPConnectivityTutoTests */,
				8AA61302242A6D7C0056D83E /* MPConnectivityTutoUITests */,
				8AA612DF242A6D770056D83E /* Products */,
			);
			sourceTree = "<group>";
		};
		8AA612DF242A6D770056D83E /* Products */ = {
			isa = PBXGroup;
			children = (
				8AA612DE242A6D770056D83E /* MPConnectivityTuto.app */,
				8AA612F4242A6D7C0056D83E /* MPConnectivityTutoTests.xctest */,
				8AA612FF242A6D7C0056D83E /* MPConnectivityTutoUITests.xctest */,
			);
			name = Products;
			sourceTree = "<group>";
		};
		8AA612E0242A6D770056D83E /* MPConnectivityTuto */ = {
			isa = PBXGroup;
			children = (
				8A83F935242B9DEC009E0B62 /* MPConnectivityTuto.entitlements */,
				8AA612E1242A6D770056D83E /* AppDelegate.swift */,
				8AA612E3242A6D770056D83E /* SceneDelegate.swift */,
				8AA612E5242A6D770056D83E /* ViewController.swift */,
				8AA612E7242A6D770056D83E /* Main.storyboard */,
				8AA612EA242A6D7B0056D83E /* Assets.xcassets */,
				8AA612EC242A6D7B0056D83E /* LaunchScreen.storyboard */,
				8AA612EF242A6D7B0056D83E /* Info.plist */,
			);
			path = MPConnectivityTuto;
			sourceTree = "<group>";
		};
		8AA612F7242A6D7C0056D83E /* MPConnectivityTutoTests */ = {
			isa = PBXGroup;
			children = (
				8AA612F8242A6D7C0056D83E /* MPConnectivityTutoTests.swift */,
				8AA612FA242A6D7C0056D83E /* Info.plist */,
			);
			path = MPConnectivityTutoTests;
			sourceTree = "<group>";
		};
		8AA61302242A6D7C0056D83E /* MPConnectivityTutoUITests */ = {
			isa = PBXGroup;
			children = (
				8AA61303242A6D7C0056D83E /* MPConnectivityTutoUITests.swift */,
				8AA61305242A6D7C0056D83E /* Info.plist */,
			);
			path = MPConnectivityTutoUITests;
			sourceTree = "<group>";
		};
/* End PBXGroup section */

/* Begin PBXNativeTarget section */
		8AA612DD242A6D770056D83E /* MPConnectivityTuto */ = {
			isa = PBXNativeTarget;
			buildConfigurationList = 8AA61308242A6D7C0056D83E /* Build configuration list for PBXNativeTarget "MPConnectivityTuto" */;
			buildPhases = (
				8AA612DA242A6D770056D83E /* Sources */,
				8AA612DB242A6D770056D83E /* Frameworks */,
				8AA612DC242A6D770056D83E /* Resources */,
			);
			buildRules = (
			);
			dependencies = (
			);
			name = MPConnectivityTuto;
			productName = MPConnectivityTuto;
			productReference = 8AA612DE242A6D770056D83E /* MPConnectivityTuto.app */;
			productType = "com.apple.product-type.application";
		};
		8AA612F3242A6D7C0056D83E /* MPConnectivityTutoTests */ = {
			isa = PBXNativeTarget;
			buildConfigurationList = 8AA6130B242A6D7C0056D83E /* Build configuration list for PBXNativeTarget "MPConnectivityTutoTests" */;
			buildPhases = (
				8AA612F0242A6D7C0056D83E /* Sources */,
				8AA612F1242A6D7C0056D83E /* Frameworks */,
				8AA612F2242A6D7C0056D83E /* Resources */,
			);
			buildRules = (
			);
			dependencies = (
				8AA612F6242A6D7C0056D83E /* PBXTargetDependency */,
			);
			name = MPConnectivityTutoTests;
			productName = MPConnectivityTutoTests;
			productReference = 8AA612F4242A6D7C0056D83E /* MPConnectivityTutoTests.xctest */;
			productType = "com.apple.product-type.bundle.unit-test";
		};
		8AA612FE242A6D7C0056D83E /* MPConnectivityTutoUITests */ = {
			isa = PBXNativeTarget;
			buildConfigurationList = 8AA6130E242A6D7C0056D83E /* Build configuration list for PBXNativeTarget "MPConnectivityTutoUITests" */;
			buildPhases = (
				8AA612FB242A6D7C0056D83E /* Sources */,
				8AA612FC242A6D7C0056D83E /* Frameworks */,
				8AA612FD242A6D7C0056D83E /* Resources */,
			);
			buildRules = (
			);
			dependencies = (
				8AA61301242A6D7C0056D83E /* PBXTargetDependency */,
			);
			name = MPConnectivityTutoUITests;
			productName = MPConnectivityTutoUITests;
			productReference = 8AA612FF242A6D7C0056D83E /* MPConnectivityTutoUITests.xctest */;
			productType = "com.apple.product-type.bundle.ui-testing";
		};
/* End PBXNativeTarget section */

/* Begin PBXProject section */
		8AA612D6242A6D770056D83E /* Project object */ = {
			isa = PBXProject;
			attributes = {
				LastSwiftUpdateCheck = 1130;
				LastUpgradeCheck = 1130;
				ORGANIZATIONNAME = "Rémi BARBERO";
				TargetAttributes = {
					8AA612DD242A6D770056D83E = {
						CreatedOnToolsVersion = 11.3.1;
					};
					8AA612F3242A6D7C0056D83E = {
						CreatedOnToolsVersion = 11.3.1;
						TestTargetID = 8AA612DD242A6D770056D83E;
					};
					8AA612FE242A6D7C0056D83E = {
						CreatedOnToolsVersion = 11.3.1;
						TestTargetID = 8AA612DD242A6D770056D83E;
					};
				};
			};
			buildConfigurationList = 8AA612D9242A6D770056D83E /* Build configuration list for PBXProject "MPConnectivityTuto" */;
			compatibilityVersion = "Xcode 9.3";
			developmentRegion = en;
			hasScannedForEncodings = 0;
			knownRegions = (
				en,
				Base,
			);
			mainGroup = 8AA612D5242A6D770056D83E;
			productRefGroup = 8AA612DF242A6D770056D83E /* Products */;
			projectDirPath = "";
			projectRoot = "";
			targets = (
				8AA612DD242A6D770056D83E /* MPConnectivityTuto */,
				8AA612F3242A6D7C0056D83E /* MPConnectivityTutoTests */,
				8AA612FE242A6D7C0056D83E /* MPConnectivityTutoUITests */,
			);
		};
/* End PBXProject section */

/* Begin PBXResourcesBuildPhase section */
		8AA612DC242A6D770056D83E /* Resources */ = {
			isa = PBXResourcesBuildPhase;
			buildActionMask = 2147483647;
			files = (
				8AA612EE242A6D7B0056D83E /* LaunchScreen.storyboard in Resources */,
				8AA612EB242A6D7B0056D83E /* Assets.xcassets in Resources */,
				8AA612E9242A6D770056D83E /* Main.storyboard in Resources */,
			);
			runOnlyForDeploymentPostprocessing = 0;
		};
		8AA612F2242A6D7C0056D83E /* Resources */ = {
			isa = PBXResourcesBuildPhase;
			buildActionMask = 2147483647;
			files = (
			);
			runOnlyForDeploymentPostprocessing = 0;
		};
		8AA612FD242A6D7C0056D83E /* Resources */ = {
			isa = PBXResourcesBuildPhase;
			buildActionMask = 2147483647;
			files = (
			);
			runOnlyForDeploymentPostprocessing = 0;
		};
/* End PBXResourcesBuildPhase section */

/* Begin PBXSourcesBuildPhase section */
		8AA612DA242A6D770056D83E /* Sources */ = {
			isa = PBXSourcesBuildPhase;
			buildActionMask = 2147483647;
			files = (
				8AA612E6242A6D770056D83E /* ViewController.swift in Sources */,
				8AA612E2242A6D770056D83E /* AppDelegate.swift in Sources */,
				8AA612E4242A6D770056D83E /* SceneDelegate.swift in Sources */,
			);
			runOnlyForDeploymentPostprocessing = 0;
		};
		8AA612F0242A6D7C0056D83E /* Sources */ = {
			isa = PBXSourcesBuildPhase;
			buildActionMask = 2147483647;
			files = (
				8AA612F9242A6D7C0056D83E /* MPConnectivityTutoTests.swift in Sources */,
			);
			runOnlyForDeploymentPostprocessing = 0;
		};
		8AA612FB242A6D7C0056D83E /* Sources */ = {
			isa = PBXSourcesBuildPhase;
			buildActionMask = 2147483647;
			files = (
				8AA61304242A6D7C0056D83E /* MPConnectivityTutoUITests.swift in Sources */,
			);
			runOnlyForDeploymentPostprocessing = 0;
		};
/* End PBXSourcesBuildPhase section */

/* Begin PBXTargetDependency section */
		8AA612F6242A6D7C0056D83E /* PBXTargetDependency */ = {
			isa = PBXTargetDependency;
			target = 8AA612DD242A6D770056D83E /* MPConnectivityTuto */;
			targetProxy = 8AA612F5242A6D7C0056D83E /* PBXContainerItemProxy */;
		};
		8AA61301242A6D7C0056D83E /* PBXTargetDependency */ = {
			isa = PBXTargetDependency;
			target = 8AA612DD242A6D770056D83E /* MPConnectivityTuto */;
			targetProxy = 8AA61300242A6D7C0056D83E /* PBXContainerItemProxy */;
		};
/* End PBXTargetDependency section */

/* Begin PBXVariantGroup section */
		8AA612E7242A6D770056D83E /* Main.storyboard */ = {
			isa = PBXVariantGroup;
			children = (
				8AA612E8242A6D770056D83E /* Base */,
			);
			name = Main.storyboard;
			sourceTree = "<group>";
		};
		8AA612EC242A6D7B0056D83E /* LaunchScreen.storyboard */ = {
			isa = PBXVariantGroup;
			children = (
				8AA612ED242A6D7B0056D83E /* Base */,
			);
			name = LaunchScreen.storyboard;
			sourceTree = "<group>";
		};
/* End PBXVariantGroup section */

/* Begin XCBuildConfiguration section */
		8AA61306242A6D7C0056D83E /* Debug */ = {
			isa = XCBuildConfiguration;
			buildSettings = {
				ALWAYS_SEARCH_USER_PATHS = NO;
				CLANG_ANALYZER_NONNULL = YES;
				CLANG_ANALYZER_NUMBER_OBJECT_CONVERSION = YES_AGGRESSIVE;
				CLANG_CXX_LANGUAGE_STANDARD = "gnu++14";
				CLANG_CXX_LIBRARY = "libc++";
				CLANG_ENABLE_MODULES = YES;
				CLANG_ENABLE_OBJC_ARC = YES;
				CLANG_ENABLE_OBJC_WEAK = YES;
				CLANG_WARN_BLOCK_CAPTURE_AUTORELEASING = YES;
				CLANG_WARN_BOOL_CONVERSION = YES;
				CLANG_WARN_COMMA = YES;
				CLANG_WARN_CONSTANT_CONVERSION = YES;
				CLANG_WARN_DEPRECATED_OBJC_IMPLEMENTATIONS = YES;
				CLANG_WARN_DIRECT_OBJC_ISA_USAGE = YES_ERROR;
				CLANG_WARN_DOCUMENTATION_COMMENTS = YES;
				CLANG_WARN_EMPTY_BODY = YES;
				CLANG_WARN_ENUM_CONVERSION = YES;
				CLANG_WARN_INFINITE_RECURSION = YES;
				CLANG_WARN_INT_CONVERSION = YES;
				CLANG_WARN_NON_LITERAL_NULL_CONVERSION = YES;
				CLANG_WARN_OBJC_IMPLICIT_RETAIN_SELF = YES;
				CLANG_WARN_OBJC_LITERAL_CONVERSION = YES;
				CLANG_WARN_OBJC_ROOT_CLASS = YES_ERROR;
				CLANG_WARN_RANGE_LOOP_ANALYSIS = YES;
				CLANG_WARN_STRICT_PROTOTYPES = YES;
				CLANG_WARN_SUSPICIOUS_MOVE = YES;
				CLANG_WARN_UNGUARDED_AVAILABILITY = YES_AGGRESSIVE;
				CLANG_WARN_UNREACHABLE_CODE = YES;
				CLANG_WARN__DUPLICATE_METHOD_MATCH = YES;
				COPY_PHASE_STRIP = NO;
				DEBUG_INFORMATION_FORMAT = dwarf;
				ENABLE_STRICT_OBJC_MSGSEND = YES;
				ENABLE_TESTABILITY = YES;
				GCC_C_LANGUAGE_STANDARD = gnu11;
				GCC_DYNAMIC_NO_PIC = NO;
				GCC_NO_COMMON_BLOCKS = YES;
				GCC_OPTIMIZATION_LEVEL = 0;
				GCC_PREPROCESSOR_DEFINITIONS = (
					"DEBUG=1",
					"$(inherited)",
				);
				GCC_WARN_64_TO_32_BIT_CONVERSION = YES;
				GCC_WARN_ABOUT_RETURN_TYPE = YES_ERROR;
				GCC_WARN_UNDECLARED_SELECTOR = YES;
				GCC_WARN_UNINITIALIZED_AUTOS = YES_AGGRESSIVE;
				GCC_WARN_UNUSED_FUNCTION = YES;
				GCC_WARN_UNUSED_VARIABLE = YES;
				IPHONEOS_DEPLOYMENT_TARGET = 13.2;
				MTL_ENABLE_DEBUG_INFO = INCLUDE_SOURCE;
				MTL_FAST_MATH = YES;
				ONLY_ACTIVE_ARCH = YES;
				SDKROOT = iphoneos;
				SWIFT_ACTIVE_COMPILATION_CONDITIONS = DEBUG;
				SWIFT_OPTIMIZATION_LEVEL = "-Onone";
			};
			name = Debug;
		};
		8AA61307242A6D7C0056D83E /* Release */ = {
			isa = XCBuildConfiguration;
			buildSettings = {
				ALWAYS_SEARCH_USER_PATHS = NO;
				CLANG_ANALYZER_NONNULL = YES;
				CLANG_ANALYZER_NUMBER_OBJECT_CONVERSION = YES_AGGRESSIVE;
				CLANG_CXX_LANGUAGE_STANDARD = "gnu++14";
				CLANG_CXX_LIBRARY = "libc++";
				CLANG_ENABLE_MODULES = YES;
				CLANG_ENABLE_OBJC_ARC = YES;
				CLANG_ENABLE_OBJC_WEAK = YES;
				CLANG_WARN_BLOCK_CAPTURE_AUTORELEASING = YES;
				CLANG_WARN_BOOL_CONVERSION = YES;
				CLANG_WARN_COMMA = YES;
				CLANG_WARN_CONSTANT_CONVERSION = YES;
				CLANG_WARN_DEPRECATED_OBJC_IMPLEMENTATIONS = YES;
				CLANG_WARN_DIRECT_OBJC_ISA_USAGE = YES_ERROR;
				CLANG_WARN_DOCUMENTATION_COMMENTS = YES;
				CLANG_WARN_EMPTY_BODY = YES;
				CLANG_WARN_ENUM_CONVERSION = YES;
				CLANG_WARN_INFINITE_RECURSION = YES;
				CLANG_WARN_INT_CONVERSION = YES;
				CLANG_WARN_NON_LITERAL_NULL_CONVERSION = YES;
				CLANG_WARN_OBJC_IMPLICIT_RETAIN_SELF = YES;
				CLANG_WARN_OBJC_LITERAL_CONVERSION = YES;
				CLANG_WARN_OBJC_ROOT_CLASS = YES_ERROR;
				CLANG_WARN_RANGE_LOOP_ANALYSIS = YES;
				CLANG_WARN_STRICT_PROTOTYPES = YES;
				CLANG_WARN_SUSPICIOUS_MOVE = YES;
				CLANG_WARN_UNGUARDED_AVAILABILITY = YES_AGGRESSIVE;
				CLANG_WARN_UNREACHABLE_CODE = YES;
				CLANG_WARN__DUPLICATE_METHOD_MATCH = YES;
				COPY_PHASE_STRIP = NO;
				DEBUG_INFORMATION_FORMAT = "dwarf-with-dsym";
				ENABLE_NS_ASSERTIONS = NO;
				ENABLE_STRICT_OBJC_MSGSEND = YES;
				GCC_C_LANGUAGE_STANDARD = gnu11;
				GCC_NO_COMMON_BLOCKS = YES;
				GCC_WARN_64_TO_32_BIT_CONVERSION = YES;
				GCC_WARN_ABOUT_RETURN_TYPE = YES_ERROR;
				GCC_WARN_UNDECLARED_SELECTOR = YES;
				GCC_WARN_UNINITIALIZED_AUTOS = YES_AGGRESSIVE;
				GCC_WARN_UNUSED_FUNCTION = YES;
				GCC_WARN_UNUSED_VARIABLE = YES;
				IPHONEOS_DEPLOYMENT_TARGET = 13.2;
				MTL_ENABLE_DEBUG_INFO = NO;
				MTL_FAST_MATH = YES;
				SDKROOT = iphoneos;
				SWIFT_COMPILATION_MODE = wholemodule;
				SWIFT_OPTIMIZATION_LEVEL = "-O";
				VALIDATE_PRODUCT = YES;
			};
			name = Release;
		};
		8AA61309242A6D7C0056D83E /* Debug */ = {
			isa = XCBuildConfiguration;
			buildSettings = {
				ASSETCATALOG_COMPILER_APPICON_NAME = AppIcon;
				CODE_SIGN_ENTITLEMENTS = MPConnectivityTuto/MPConnectivityTuto.entitlements;
				CODE_SIGN_IDENTITY = "Apple Development";
				CODE_SIGN_STYLE = Automatic;
				DEVELOPMENT_TEAM = 35835A3JKN;
				INFOPLIST_FILE = MPConnectivityTuto/Info.plist;
				LD_RUNPATH_SEARCH_PATHS = (
					"$(inherited)",
					"@executable_path/Frameworks",
				);
				PRODUCT_BUNDLE_IDENTIFIER = com.github.d4ryl00.MPConnectivityTuto;
				PRODUCT_NAME = "$(TARGET_NAME)";
				PROVISIONING_PROFILE_SPECIFIER = "";
				SUPPORTS_MACCATALYST = NO;
				SWIFT_VERSION = 5.0;
				TARGETED_DEVICE_FAMILY = "1,2";
			};
			name = Debug;
		};
		8AA6130A242A6D7C0056D83E /* Release */ = {
			isa = XCBuildConfiguration;
			buildSettings = {
				ASSETCATALOG_COMPILER_APPICON_NAME = AppIcon;
				CODE_SIGN_ENTITLEMENTS = MPConnectivityTuto/MPConnectivityTuto.entitlements;
				CODE_SIGN_IDENTITY = "Apple Development";
				CODE_SIGN_STYLE = Automatic;
				DEVELOPMENT_TEAM = 35835A3JKN;
				INFOPLIST_FILE = MPConnectivityTuto/Info.plist;
				LD_RUNPATH_SEARCH_PATHS = (
					"$(inherited)",
					"@executable_path/Frameworks",
				);
				PRODUCT_BUNDLE_IDENTIFIER = com.github.d4ryl00.MPConnectivityTuto;
				PRODUCT_NAME = "$(TARGET_NAME)";
				PROVISIONING_PROFILE_SPECIFIER = "";
				SUPPORTS_MACCATALYST = NO;
				SWIFT_VERSION = 5.0;
				TARGETED_DEVICE_FAMILY = "1,2";
			};
			name = Release;
		};
		8AA6130C242A6D7C0056D83E /* Debug */ = {
			isa = XCBuildConfiguration;
			buildSettings = {
				ALWAYS_EMBED_SWIFT_STANDARD_LIBRARIES = YES;
				BUNDLE_LOADER = "$(TEST_HOST)";
				CODE_SIGN_STYLE = Automatic;
				DEVELOPMENT_TEAM = 35835A3JKN;
				INFOPLIST_FILE = MPConnectivityTutoTests/Info.plist;
				IPHONEOS_DEPLOYMENT_TARGET = 13.2;
				LD_RUNPATH_SEARCH_PATHS = (
					"$(inherited)",
					"@executable_path/Frameworks",
					"@loader_path/Frameworks",
				);
				PRODUCT_BUNDLE_IDENTIFIER = com.github.d4ryl00.MPConnectivityTutoTests;
				PRODUCT_NAME = "$(TARGET_NAME)";
				SWIFT_VERSION = 5.0;
				TARGETED_DEVICE_FAMILY = "1,2";
				TEST_HOST = "$(BUILT_PRODUCTS_DIR)/MPConnectivityTuto.app/MPConnectivityTuto";
			};
			name = Debug;
		};
		8AA6130D242A6D7C0056D83E /* Release */ = {
			isa = XCBuildConfiguration;
			buildSettings = {
				ALWAYS_EMBED_SWIFT_STANDARD_LIBRARIES = YES;
				BUNDLE_LOADER = "$(TEST_HOST)";
				CODE_SIGN_STYLE = Automatic;
				DEVELOPMENT_TEAM = 35835A3JKN;
				INFOPLIST_FILE = MPConnectivityTutoTests/Info.plist;
				IPHONEOS_DEPLOYMENT_TARGET = 13.2;
				LD_RUNPATH_SEARCH_PATHS = (
					"$(inherited)",
					"@executable_path/Frameworks",
					"@loader_path/Frameworks",
				);
				PRODUCT_BUNDLE_IDENTIFIER = com.github.d4ryl00.MPConnectivityTutoTests;
				PRODUCT_NAME = "$(TARGET_NAME)";
				SWIFT_VERSION = 5.0;
				TARGETED_DEVICE_FAMILY = "1,2";
				TEST_HOST = "$(BUILT_PRODUCTS_DIR)/MPConnectivityTuto.app/MPConnectivityTuto";
			};
			name = Release;
		};
		8AA6130F242A6D7C0056D83E /* Debug */ = {
			isa = XCBuildConfiguration;
			buildSettings = {
				ALWAYS_EMBED_SWIFT_STANDARD_LIBRARIES = YES;
				CODE_SIGN_STYLE = Automatic;
				DEVELOPMENT_TEAM = 35835A3JKN;
				INFOPLIST_FILE = MPConnectivityTutoUITests/Info.plist;
				LD_RUNPATH_SEARCH_PATHS = (
					"$(inherited)",
					"@executable_path/Frameworks",
					"@loader_path/Frameworks",
				);
				PRODUCT_BUNDLE_IDENTIFIER = com.github.d4ryl00.MPConnectivityTutoUITests;
				PRODUCT_NAME = "$(TARGET_NAME)";
				SWIFT_VERSION = 5.0;
				TARGETED_DEVICE_FAMILY = "1,2";
				TEST_TARGET_NAME = MPConnectivityTuto;
			};
			name = Debug;
		};
		8AA61310242A6D7C0056D83E /* Release */ = {
			isa = XCBuildConfiguration;
			buildSettings = {
				ALWAYS_EMBED_SWIFT_STANDARD_LIBRARIES = YES;
				CODE_SIGN_STYLE = Automatic;
				DEVELOPMENT_TEAM = 35835A3JKN;
				INFOPLIST_FILE = MPConnectivityTutoUITests/Info.plist;
				LD_RUNPATH_SEARCH_PATHS = (
					"$(inherited)",
					"@executable_path/Frameworks",
					"@loader_path/Frameworks",
				);
				PRODUCT_BUNDLE_IDENTIFIER = com.github.d4ryl00.MPConnectivityTutoUITests;
				PRODUCT_NAME = "$(TARGET_NAME)";
				SWIFT_VERSION = 5.0;
				TARGETED_DEVICE_FAMILY = "1,2";
				TEST_TARGET_NAME = MPConnectivityTuto;
			};
			name = Release;
		};
/* End XCBuildConfiguration section */

/* Begin XCConfigurationList section */
		8AA612D9242A6D770056D83E /* Build configuration list for PBXProject "MPConnectivityTuto" */ = {
			isa = XCConfigurationList;
			buildConfigurations = (
				8AA61306242A6D7C0056D83E /* Debug */,
				8AA61307242A6D7C0056D83E /* Release */,
			);
			defaultConfigurationIsVisible = 0;
			defaultConfigurationName = Release;
		};
		8AA61308242A6D7C0056D83E /* Build configuration list for PBXNativeTarget "MPConnectivityTuto" */ = {
			isa = XCConfigurationList;
			buildConfigurations = (
				8AA61309242A6D7C0056D83E /* Debug */,
				8AA6130A242A6D7C0056D83E /* Release */,
			);
			defaultConfigurationIsVisible = 0;
			defaultConfigurationName = Release;
		};
		8AA6130B242A6D7C0056D83E /* Build configuration list for PBXNativeTarget "MPConnectivityTutoTests" */ = {
			isa = XCConfigurationList;
			buildConfigurations = (
				8AA6130C242A6D7C0056D83E /* Debug */,
				8AA6130D242A6D7C0056D83E /* Release */,
			);
			defaultConfigurationIsVisible = 0;
			defaultConfigurationName = Release;
		};
		8AA6130E242A6D7C0056D83E /* Build configuration list for PBXNativeTarget "MPConnectivityTutoUITests" */ = {
			isa = XCConfigurationList;
			buildConfigurations = (
				8AA6130F242A6D7C0056D83E /* Debug */,
				8AA61310242A6D7C0056D83E /* Release */,
			);
			defaultConfigurationIsVisible = 0;
			defaultConfigurationName = Release;
		};
/* End XCConfigurationList section */
	};
	rootObject = 8AA612D6242A6D770056D83E /* Project object */;
}
